
Microsoft Visual Studio Solution File, Format Version 12.00
# Visual Studio Version 17
VisualStudioVersion = 17.5.33516.290
MinimumVisualStudioVersion = 10.0.40219.1
Project("{FAE04EC0-301F-11D3-BF4B-00C04F79EFBC}") = "Mission14API", "Mission14API.csproj", "{92F97507-3AD8-4F96-951F-FAFDF478DBEA}"
EndProject
Global
	GlobalSection(SolutionConfigurationPlatforms) = preSolution
		Debug|Any CPU = Debug|Any CPU
		Release|Any CPU = Release|Any CPU
	EndGlobalSection
	GlobalSection(ProjectConfigurationPlatforms) = postSolution
		{92F97507-3AD8-4F96-951F-FAFDF478DBEA}.Debug|Any CPU.ActiveCfg = Debug|Any CPU
		{92F97507-3AD8-4F96-951F-FAFDF478DBEA}.Debug|Any CPU.Build.0 = Debug|Any CPU
		{92F97507-3AD8-4F96-951F-FAFDF478DBEA}.Release|Any CPU.ActiveCfg = Release|Any CPU
		{92F97507-3AD8-4F96-951F-FAFDF478DBEA}.Release|Any CPU.Build.0 = Release|Any CPU
	EndGlobalSection
	GlobalSection(SolutionProperties) = preSolution
		HideSolutionNode = FALSE
	EndGlobalSection
	GlobalSection(ExtensibilityGlobals) = postSolution
		SolutionGuid = {310610FC-F6F8-4C77-93C2-5E19053E5B34}
	EndGlobalSection
EndGlobal
